--- 
dependencies: 
  sinatra-content-for: 
    group: 
    - :default
    version: = 0.2
  pg: 
    group: 
    - :default
    version: = 0.9.0
  sqlite3-ruby: 
    group: 
    - :development
    version: = 1.3.1
  geokit: 
    group: 
    - :default
    version: = 1.5.0
  rack: 
    group: 
    - :default
    version: = 1.1.0
  sinatra: 
    group: 
    - :default
    version: = 1.0
  socrata: 
    group: 
    - :default
    version: = 0.2.1
  warden: 
    group: 
    - :default
    version: = 0.10.7
  sequel: 
    group: 
    - :default
    version: = 3.14.0
  sinatra-flash: 
    group: 
    - :default
    version: = 0.3.0
specs: 
- crack: 
    version: 0.1.8
- curb: 
    version: 0.7.8
- geokit: 
    version: 1.5.0
- httparty: 
    version: 0.6.1
- json: 
    version: 1.4.6
- pg: 
    version: 0.9.0
- rack: 
    version: 1.1.0
- sequel: 
    version: 3.14.0
- sinatra: 
    version: "1.0"
- sinatra-content-for: 
    version: "0.2"
- sinatra-flash: 
    version: 0.3.0
- socrata: 
    version: 0.2.1
- sqlite3-ruby: 
    version: 1.3.1
- warden: 
    version: 0.10.7
hash: a76193d467b9210ee4655cce316d98ed71bcfc17
sources: 
- Rubygems: 
    uri: http://gemcutter.org
